
Microsoft Visual Studio Solution File, Format Version 12.00
# Visual Studio Version 16
VisualStudioVersion = 16.0.30204.135
MinimumVisualStudioVersion = 10.0.40219.1
Project("{2150E333-8FDC-42A3-9474-1A3956D46DE8}") = "src", "src", "{FA1582AB-A13D-44A4-A46D-2DAE1111A2BB}"
EndProject
Project("{2150E333-8FDC-42A3-9474-1A3956D46DE8}") = "test", "test", "{26982440-340F-48A2-9D73-44DB6C52EBF1}"
EndProject
Project("{9A19103F-16F7-4668-BE54-9A1E7A4F7556}") = "OData.QueryBuilder", "src\OData.QueryBuilder\OData.QueryBuilder.csproj", "{E4D8F027-2B79-4794-9B75-D08C2BA066B8}"
EndProject
Project("{9A19103F-16F7-4668-BE54-9A1E7A4F7556}") = "OData.QueryBuilder.Test", "test\OData.QueryBuilder.Test\OData.QueryBuilder.Test.csproj", "{537E849E-5291-49F9-BD2A-9F4A01DB1561}"
EndProject
Project("{2150E333-8FDC-42A3-9474-1A3956D46DE8}") = "items", "items", "{179F88B9-A06D-4505-9266-A5D66004601C}"
	ProjectSection(SolutionItems) = preProject
		.travis.yml = .travis.yml
		README.md = README.md
	EndProjectSection
EndProject
Project("{2150E333-8FDC-42A3-9474-1A3956D46DE8}") = ".config", ".config", "{B8F31CF9-EDE2-4813-A9AC-EBF3514FFE82}"
	ProjectSection(SolutionItems) = preProject
		.config\dotnet-tools.json = .config\dotnet-tools.json
	EndProjectSection
EndProject
Project("{9A19103F-16F7-4668-BE54-9A1E7A4F7556}") = "OData.QueryBuilder.Benchmark", "test\OData.QueryBuilder.Benchmark\OData.QueryBuilder.Benchmark.csproj", "{3C66CF4E-8FA0-4E81-90DB-B22234A2670C}"
EndProject
Project("{FAE04EC0-301F-11D3-BF4B-00C04F79EFBC}") = "OData.QueryBuilder.Fakes", "test\OData.QueryBuilder.Fakes\OData.QueryBuilder.Fakes.csproj", "{421FF96A-2F4E-4589-AF2A-604FDC8BE2AC}"
EndProject
Global
	GlobalSection(SolutionConfigurationPlatforms) = preSolution
		Debug|Any CPU = Debug|Any CPU
		Release|Any CPU = Release|Any CPU
	EndGlobalSection
	GlobalSection(ProjectConfigurationPlatforms) = postSolution
		{E4D8F027-2B79-4794-9B75-D08C2BA066B8}.Debug|Any CPU.ActiveCfg = Debug|Any CPU
		{E4D8F027-2B79-4794-9B75-D08C2BA066B8}.Debug|Any CPU.Build.0 = Debug|Any CPU
		{E4D8F027-2B79-4794-9B75-D08C2BA066B8}.Release|Any CPU.ActiveCfg = Release|Any CPU
		{E4D8F027-2B79-4794-9B75-D08C2BA066B8}.Release|Any CPU.Build.0 = Release|Any CPU
		{537E849E-5291-49F9-BD2A-9F4A01DB1561}.Debug|Any CPU.ActiveCfg = Debug|Any CPU
		{537E849E-5291-49F9-BD2A-9F4A01DB1561}.Debug|Any CPU.Build.0 = Debug|Any CPU
		{537E849E-5291-49F9-BD2A-9F4A01DB1561}.Release|Any CPU.ActiveCfg = Release|Any CPU
		{537E849E-5291-49F9-BD2A-9F4A01DB1561}.Release|Any CPU.Build.0 = Release|Any CPU
		{3C66CF4E-8FA0-4E81-90DB-B22234A2670C}.Debug|Any CPU.ActiveCfg = Debug|Any CPU
		{3C66CF4E-8FA0-4E81-90DB-B22234A2670C}.Debug|Any CPU.Build.0 = Debug|Any CPU
		{3C66CF4E-8FA0-4E81-90DB-B22234A2670C}.Release|Any CPU.ActiveCfg = Release|Any CPU
		{3C66CF4E-8FA0-4E81-90DB-B22234A2670C}.Release|Any CPU.Build.0 = Release|Any CPU
		{421FF96A-2F4E-4589-AF2A-604FDC8BE2AC}.Debug|Any CPU.ActiveCfg = Debug|Any CPU
		{421FF96A-2F4E-4589-AF2A-604FDC8BE2AC}.Debug|Any CPU.Build.0 = Debug|Any CPU
		{421FF96A-2F4E-4589-AF2A-604FDC8BE2AC}.Release|Any CPU.ActiveCfg = Release|Any CPU
		{421FF96A-2F4E-4589-AF2A-604FDC8BE2AC}.Release|Any CPU.Build.0 = Release|Any CPU
	EndGlobalSection
	GlobalSection(SolutionProperties) = preSolution
		HideSolutionNode = FALSE
	EndGlobalSection
	GlobalSection(NestedProjects) = preSolution
		{E4D8F027-2B79-4794-9B75-D08C2BA066B8} = {FA1582AB-A13D-44A4-A46D-2DAE1111A2BB}
		{537E849E-5291-49F9-BD2A-9F4A01DB1561} = {26982440-340F-48A2-9D73-44DB6C52EBF1}
		{B8F31CF9-EDE2-4813-A9AC-EBF3514FFE82} = {179F88B9-A06D-4505-9266-A5D66004601C}
		{3C66CF4E-8FA0-4E81-90DB-B22234A2670C} = {26982440-340F-48A2-9D73-44DB6C52EBF1}
		{421FF96A-2F4E-4589-AF2A-604FDC8BE2AC} = {26982440-340F-48A2-9D73-44DB6C52EBF1}
	EndGlobalSection
	GlobalSection(ExtensibilityGlobals) = postSolution
		SolutionGuid = {1D51B9A3-94B0-48DF-BFF5-110B13303535}
	EndGlobalSection
EndGlobal
